
Microsoft Visual Studio Solution File, Format Version 12.00
# Visual Studio 15
VisualStudioVersion = 15.0.27004.2006
MinimumVisualStudioVersion = 10.0.40219.1
Project("{9A19103F-16F7-4668-BE54-9A1E7A4F7556}") = "P01_P04_Stealer", "P01_P04_Stealer\P01_P04_Stealer.csproj", "{64683D36-614C-4AEE-8F51-DE8048485800}"
EndProject
Project("{FAE04EC0-301F-11D3-BF4B-00C04F79EFBC}") = "P05_P06_AttributesLab", "P05_P06_AttributesLab\P05_P06_AttributesLab.csproj", "{5D790F23-8F7D-4FEC-B7E1-70A6DE7E2049}"
EndProject
Global
	GlobalSection(SolutionConfigurationPlatforms) = preSolution
		Debug|Any CPU = Debug|Any CPU
		Release|Any CPU = Release|Any CPU
	EndGlobalSection
	GlobalSection(ProjectConfigurationPlatforms) = postSolution
		{64683D36-614C-4AEE-8F51-DE8048485800}.Debug|Any CPU.ActiveCfg = Debug|Any CPU
		{64683D36-614C-4AEE-8F51-DE8048485800}.Debug|Any CPU.Build.0 = Debug|Any CPU
		{64683D36-614C-4AEE-8F51-DE8048485800}.Release|Any CPU.ActiveCfg = Release|Any CPU
		{64683D36-614C-4AEE-8F51-DE8048485800}.Release|Any CPU.Build.0 = Release|Any CPU
		{5D790F23-8F7D-4FEC-B7E1-70A6DE7E2049}.Debug|Any CPU.ActiveCfg = Debug|Any CPU
		{5D790F23-8F7D-4FEC-B7E1-70A6DE7E2049}.Debug|Any CPU.Build.0 = Debug|Any CPU
		{5D790F23-8F7D-4FEC-B7E1-70A6DE7E2049}.Release|Any CPU.ActiveCfg = Release|Any CPU
		{5D790F23-8F7D-4FEC-B7E1-70A6DE7E2049}.Release|Any CPU.Build.0 = Release|Any CPU
	EndGlobalSection
	GlobalSection(SolutionProperties) = preSolution
		HideSolutionNode = FALSE
	EndGlobalSection
	GlobalSection(ExtensibilityGlobals) = postSolution
		SolutionGuid = {C389CABF-8C67-4B1A-AF7D-3E52B1F4393C}
	EndGlobalSection
EndGlobal
