
Microsoft Visual Studio Solution File, Format Version 12.00
# Visual Studio 15
VisualStudioVersion = 15.0.27428.2037
MinimumVisualStudioVersion = 10.0.40219.1
Project("{FAE04EC0-301F-11D3-BF4B-00C04F79EFBC}") = "P01_ActionPrint", "P01_ActionPrint\P01_ActionPrint.csproj", "{B5849205-99C5-4FEE-B84C-E499A7DA23BA}"
EndProject
Project("{FAE04EC0-301F-11D3-BF4B-00C04F79EFBC}") = "P02_KnightsOfHonor", "P02_KnightsOfHonor\P02_KnightsOfHonor.csproj", "{5188F003-8632-4E1D-86FB-569B35D66D6C}"
EndProject
Project("{FAE04EC0-301F-11D3-BF4B-00C04F79EFBC}") = "P03_CustomMinFunction", "P03_CustomMinFunction\P03_CustomMinFunction.csproj", "{971B47CF-E56A-46F3-83AE-2F9CC7784795}"
EndProject
Project("{FAE04EC0-301F-11D3-BF4B-00C04F79EFBC}") = "P04_FindEvensOrOdds", "P04_FindEvensOrOdds\P04_FindEvensOrOdds.csproj", "{F7F02C6F-D1E4-49D2-97FA-BF25BC7D5E61}"
EndProject
Project("{FAE04EC0-301F-11D3-BF4B-00C04F79EFBC}") = "P05_AppliedArithmetics", "P05_AppliedArithmetics\P05_AppliedArithmetics.csproj", "{DA4A3BCD-F934-4021-834C-756C9060C747}"
EndProject
Project("{FAE04EC0-301F-11D3-BF4B-00C04F79EFBC}") = "P06_ReverseAndExclude", "P06_ReverseAndExclude\P06_ReverseAndExclude.csproj", "{5F0A5CEA-D8AB-442B-9E8E-967A0EE69469}"
EndProject
Project("{FAE04EC0-301F-11D3-BF4B-00C04F79EFBC}") = "P07_PredicateForNames", "P07_PredicateForNames\P07_PredicateForNames.csproj", "{473E9247-5A21-46CF-90FA-2C2D27F8ABA9}"
EndProject
Project("{FAE04EC0-301F-11D3-BF4B-00C04F79EFBC}") = "P08_CustomComparator", "P08_CustomComparator\P08_CustomComparator.csproj", "{F1D1E218-7FBD-40BB-8E87-7D2140B7ABF7}"
EndProject
Project("{FAE04EC0-301F-11D3-BF4B-00C04F79EFBC}") = "P09_ListOfPredicates", "P09_ListOfPredicates\P09_ListOfPredicates.csproj", "{F14DE208-2B75-4F6E-A9F1-AC093E1DAA38}"
EndProject
Project("{FAE04EC0-301F-11D3-BF4B-00C04F79EFBC}") = "P10_PredicateParty", "P10_PredicateParty\P10_PredicateParty.csproj", "{DF1F96CD-85DE-4ED4-BF26-8E1300E3507A}"
EndProject
Project("{FAE04EC0-301F-11D3-BF4B-00C04F79EFBC}") = "P11_PartyReservationFilterModule", "P11_PartyReservationFilterModule\P11_PartyReservationFilterModule.csproj", "{0ECDAC36-8FB4-4B2F-8868-AEE868FDC41A}"
EndProject
Project("{FAE04EC0-301F-11D3-BF4B-00C04F79EFBC}") = "P12_TriFunction", "P12_TriFunction\P12_TriFunction.csproj", "{033EF0FB-1BBE-4F68-B174-1354F07E7D5F}"
EndProject
Global
	GlobalSection(SolutionConfigurationPlatforms) = preSolution
		Debug|Any CPU = Debug|Any CPU
		Release|Any CPU = Release|Any CPU
	EndGlobalSection
	GlobalSection(ProjectConfigurationPlatforms) = postSolution
		{B5849205-99C5-4FEE-B84C-E499A7DA23BA}.Debug|Any CPU.ActiveCfg = Debug|Any CPU
		{B5849205-99C5-4FEE-B84C-E499A7DA23BA}.Debug|Any CPU.Build.0 = Debug|Any CPU
		{B5849205-99C5-4FEE-B84C-E499A7DA23BA}.Release|Any CPU.ActiveCfg = Release|Any CPU
		{B5849205-99C5-4FEE-B84C-E499A7DA23BA}.Release|Any CPU.Build.0 = Release|Any CPU
		{5188F003-8632-4E1D-86FB-569B35D66D6C}.Debug|Any CPU.ActiveCfg = Debug|Any CPU
		{5188F003-8632-4E1D-86FB-569B35D66D6C}.Debug|Any CPU.Build.0 = Debug|Any CPU
		{5188F003-8632-4E1D-86FB-569B35D66D6C}.Release|Any CPU.ActiveCfg = Release|Any CPU
		{5188F003-8632-4E1D-86FB-569B35D66D6C}.Release|Any CPU.Build.0 = Release|Any CPU
		{971B47CF-E56A-46F3-83AE-2F9CC7784795}.Debug|Any CPU.ActiveCfg = Debug|Any CPU
		{971B47CF-E56A-46F3-83AE-2F9CC7784795}.Debug|Any CPU.Build.0 = Debug|Any CPU
		{971B47CF-E56A-46F3-83AE-2F9CC7784795}.Release|Any CPU.ActiveCfg = Release|Any CPU
		{971B47CF-E56A-46F3-83AE-2F9CC7784795}.Release|Any CPU.Build.0 = Release|Any CPU
		{F7F02C6F-D1E4-49D2-97FA-BF25BC7D5E61}.Debug|Any CPU.ActiveCfg = Debug|Any CPU
		{F7F02C6F-D1E4-49D2-97FA-BF25BC7D5E61}.Debug|Any CPU.Build.0 = Debug|Any CPU
		{F7F02C6F-D1E4-49D2-97FA-BF25BC7D5E61}.Release|Any CPU.ActiveCfg = Release|Any CPU
		{F7F02C6F-D1E4-49D2-97FA-BF25BC7D5E61}.Release|Any CPU.Build.0 = Release|Any CPU
		{DA4A3BCD-F934-4021-834C-756C9060C747}.Debug|Any CPU.ActiveCfg = Debug|Any CPU
		{DA4A3BCD-F934-4021-834C-756C9060C747}.Debug|Any CPU.Build.0 = Debug|Any CPU
		{DA4A3BCD-F934-4021-834C-756C9060C747}.Release|Any CPU.ActiveCfg = Release|Any CPU
		{DA4A3BCD-F934-4021-834C-756C9060C747}.Release|Any CPU.Build.0 = Release|Any CPU
		{5F0A5CEA-D8AB-442B-9E8E-967A0EE69469}.Debug|Any CPU.ActiveCfg = Debug|Any CPU
		{5F0A5CEA-D8AB-442B-9E8E-967A0EE69469}.Debug|Any CPU.Build.0 = Debug|Any CPU
		{5F0A5CEA-D8AB-442B-9E8E-967A0EE69469}.Release|Any CPU.ActiveCfg = Release|Any CPU
		{5F0A5CEA-D8AB-442B-9E8E-967A0EE69469}.Release|Any CPU.Build.0 = Release|Any CPU
		{473E9247-5A21-46CF-90FA-2C2D27F8ABA9}.Debug|Any CPU.ActiveCfg = Debug|Any CPU
		{473E9247-5A21-46CF-90FA-2C2D27F8ABA9}.Debug|Any CPU.Build.0 = Debug|Any CPU
		{473E9247-5A21-46CF-90FA-2C2D27F8ABA9}.Release|Any CPU.ActiveCfg = Release|Any CPU
		{473E9247-5A21-46CF-90FA-2C2D27F8ABA9}.Release|Any CPU.Build.0 = Release|Any CPU
		{F1D1E218-7FBD-40BB-8E87-7D2140B7ABF7}.Debug|Any CPU.ActiveCfg = Debug|Any CPU
		{F1D1E218-7FBD-40BB-8E87-7D2140B7ABF7}.Debug|Any CPU.Build.0 = Debug|Any CPU
		{F1D1E218-7FBD-40BB-8E87-7D2140B7ABF7}.Release|Any CPU.ActiveCfg = Release|Any CPU
		{F1D1E218-7FBD-40BB-8E87-7D2140B7ABF7}.Release|Any CPU.Build.0 = Release|Any CPU
		{F14DE208-2B75-4F6E-A9F1-AC093E1DAA38}.Debug|Any CPU.ActiveCfg = Debug|Any CPU
		{F14DE208-2B75-4F6E-A9F1-AC093E1DAA38}.Debug|Any CPU.Build.0 = Debug|Any CPU
		{F14DE208-2B75-4F6E-A9F1-AC093E1DAA38}.Release|Any CPU.ActiveCfg = Release|Any CPU
		{F14DE208-2B75-4F6E-A9F1-AC093E1DAA38}.Release|Any CPU.Build.0 = Release|Any CPU
		{DF1F96CD-85DE-4ED4-BF26-8E1300E3507A}.Debug|Any CPU.ActiveCfg = Debug|Any CPU
		{DF1F96CD-85DE-4ED4-BF26-8E1300E3507A}.Debug|Any CPU.Build.0 = Debug|Any CPU
		{DF1F96CD-85DE-4ED4-BF26-8E1300E3507A}.Release|Any CPU.ActiveCfg = Release|Any CPU
		{DF1F96CD-85DE-4ED4-BF26-8E1300E3507A}.Release|Any CPU.Build.0 = Release|Any CPU
		{0ECDAC36-8FB4-4B2F-8868-AEE868FDC41A}.Debug|Any CPU.ActiveCfg = Debug|Any CPU
		{0ECDAC36-8FB4-4B2F-8868-AEE868FDC41A}.Debug|Any CPU.Build.0 = Debug|Any CPU
		{0ECDAC36-8FB4-4B2F-8868-AEE868FDC41A}.Release|Any CPU.ActiveCfg = Release|Any CPU
		{0ECDAC36-8FB4-4B2F-8868-AEE868FDC41A}.Release|Any CPU.Build.0 = Release|Any CPU
		{033EF0FB-1BBE-4F68-B174-1354F07E7D5F}.Debug|Any CPU.ActiveCfg = Debug|Any CPU
		{033EF0FB-1BBE-4F68-B174-1354F07E7D5F}.Debug|Any CPU.Build.0 = Debug|Any CPU
		{033EF0FB-1BBE-4F68-B174-1354F07E7D5F}.Release|Any CPU.ActiveCfg = Release|Any CPU
		{033EF0FB-1BBE-4F68-B174-1354F07E7D5F}.Release|Any CPU.Build.0 = Release|Any CPU
	EndGlobalSection
	GlobalSection(SolutionProperties) = preSolution
		HideSolutionNode = FALSE
	EndGlobalSection
	GlobalSection(ExtensibilityGlobals) = postSolution
		SolutionGuid = {B9D7FB8D-4F52-4765-8767-F309D12AF1BB}
	EndGlobalSection
EndGlobal
