
Microsoft Visual Studio Solution File, Format Version 12.00
# Visual Studio 15
VisualStudioVersion = 15.0.27004.2006
MinimumVisualStudioVersion = 10.0.40219.1
Project("{9A19103F-16F7-4668-BE54-9A1E7A4F7556}") = "P01_DefineAClassPerson", "P01_DefineAClassPerson\P01_DefineAClassPerson.csproj", "{BE6C020C-3C33-4F9D-96D2-5E303CAC8DF5}"
EndProject
Project("{9A19103F-16F7-4668-BE54-9A1E7A4F7556}") = "P02_CreatingConstructors", "P02_CreatingConstructors\P02_CreatingConstructors.csproj", "{A8CBBB18-4F33-416A-8BBB-20B063BC638F}"
EndProject
Project("{9A19103F-16F7-4668-BE54-9A1E7A4F7556}") = "P03_OldestFamilyMember", "P03_OldestFamilyMember\P03_OldestFamilyMember.csproj", "{05EE5866-638B-4E52-8B37-63CD13AEF111}"
EndProject
Project("{9A19103F-16F7-4668-BE54-9A1E7A4F7556}") = "P04_OpinionPoll", "P04_OpinionPoll\P04_OpinionPoll.csproj", "{E55D35DE-1DBE-47F5-8883-FE1C95B43F1C}"
EndProject
Project("{9A19103F-16F7-4668-BE54-9A1E7A4F7556}") = "P05_DateModifier", "P05_DateModifier\P05_DateModifier.csproj", "{EAB87FFC-E663-4403-9359-8A494692AE81}"
EndProject
Project("{9A19103F-16F7-4668-BE54-9A1E7A4F7556}") = "P06_CompanyRoster", "P06_CompanyRoster\P06_CompanyRoster.csproj", "{BBAAEE33-902E-46BD-9BDD-69FE3674F6C8}"
EndProject
Project("{9A19103F-16F7-4668-BE54-9A1E7A4F7556}") = "P07_SpeedRacing", "P07_SpeedRacing\P07_SpeedRacing.csproj", "{A5C3C928-A0E2-462A-8AAB-7B77A856693E}"
EndProject
Project("{9A19103F-16F7-4668-BE54-9A1E7A4F7556}") = "P08_RawData", "P08_RawData\P08_RawData.csproj", "{8031DC05-B9D4-4660-8D67-07FB98059A21}"
EndProject
Project("{FAE04EC0-301F-11D3-BF4B-00C04F79EFBC}") = "P09_RectangleIntersection", "P09_RectangleIntersection\P09_RectangleIntersection.csproj", "{745BE6CD-C88B-4BEE-9CD0-ADB513092EAA}"
EndProject
Project("{FAE04EC0-301F-11D3-BF4B-00C04F79EFBC}") = "P10_CarSalesman", "P10_CarSalesman\P10_CarSalesman.csproj", "{1EA78AED-B2DC-420C-92AD-7A00AAED2017}"
EndProject
Global
	GlobalSection(SolutionConfigurationPlatforms) = preSolution
		Debug|Any CPU = Debug|Any CPU
		Release|Any CPU = Release|Any CPU
	EndGlobalSection
	GlobalSection(ProjectConfigurationPlatforms) = postSolution
		{BE6C020C-3C33-4F9D-96D2-5E303CAC8DF5}.Debug|Any CPU.ActiveCfg = Debug|Any CPU
		{BE6C020C-3C33-4F9D-96D2-5E303CAC8DF5}.Debug|Any CPU.Build.0 = Debug|Any CPU
		{BE6C020C-3C33-4F9D-96D2-5E303CAC8DF5}.Release|Any CPU.ActiveCfg = Release|Any CPU
		{BE6C020C-3C33-4F9D-96D2-5E303CAC8DF5}.Release|Any CPU.Build.0 = Release|Any CPU
		{A8CBBB18-4F33-416A-8BBB-20B063BC638F}.Debug|Any CPU.ActiveCfg = Debug|Any CPU
		{A8CBBB18-4F33-416A-8BBB-20B063BC638F}.Debug|Any CPU.Build.0 = Debug|Any CPU
		{A8CBBB18-4F33-416A-8BBB-20B063BC638F}.Release|Any CPU.ActiveCfg = Release|Any CPU
		{A8CBBB18-4F33-416A-8BBB-20B063BC638F}.Release|Any CPU.Build.0 = Release|Any CPU
		{05EE5866-638B-4E52-8B37-63CD13AEF111}.Debug|Any CPU.ActiveCfg = Debug|Any CPU
		{05EE5866-638B-4E52-8B37-63CD13AEF111}.Debug|Any CPU.Build.0 = Debug|Any CPU
		{05EE5866-638B-4E52-8B37-63CD13AEF111}.Release|Any CPU.ActiveCfg = Release|Any CPU
		{05EE5866-638B-4E52-8B37-63CD13AEF111}.Release|Any CPU.Build.0 = Release|Any CPU
		{E55D35DE-1DBE-47F5-8883-FE1C95B43F1C}.Debug|Any CPU.ActiveCfg = Debug|Any CPU
		{E55D35DE-1DBE-47F5-8883-FE1C95B43F1C}.Debug|Any CPU.Build.0 = Debug|Any CPU
		{E55D35DE-1DBE-47F5-8883-FE1C95B43F1C}.Release|Any CPU.ActiveCfg = Release|Any CPU
		{E55D35DE-1DBE-47F5-8883-FE1C95B43F1C}.Release|Any CPU.Build.0 = Release|Any CPU
		{EAB87FFC-E663-4403-9359-8A494692AE81}.Debug|Any CPU.ActiveCfg = Debug|Any CPU
		{EAB87FFC-E663-4403-9359-8A494692AE81}.Debug|Any CPU.Build.0 = Debug|Any CPU
		{EAB87FFC-E663-4403-9359-8A494692AE81}.Release|Any CPU.ActiveCfg = Release|Any CPU
		{EAB87FFC-E663-4403-9359-8A494692AE81}.Release|Any CPU.Build.0 = Release|Any CPU
		{BBAAEE33-902E-46BD-9BDD-69FE3674F6C8}.Debug|Any CPU.ActiveCfg = Debug|Any CPU
		{BBAAEE33-902E-46BD-9BDD-69FE3674F6C8}.Debug|Any CPU.Build.0 = Debug|Any CPU
		{BBAAEE33-902E-46BD-9BDD-69FE3674F6C8}.Release|Any CPU.ActiveCfg = Release|Any CPU
		{BBAAEE33-902E-46BD-9BDD-69FE3674F6C8}.Release|Any CPU.Build.0 = Release|Any CPU
		{A5C3C928-A0E2-462A-8AAB-7B77A856693E}.Debug|Any CPU.ActiveCfg = Debug|Any CPU
		{A5C3C928-A0E2-462A-8AAB-7B77A856693E}.Debug|Any CPU.Build.0 = Debug|Any CPU
		{A5C3C928-A0E2-462A-8AAB-7B77A856693E}.Release|Any CPU.ActiveCfg = Release|Any CPU
		{A5C3C928-A0E2-462A-8AAB-7B77A856693E}.Release|Any CPU.Build.0 = Release|Any CPU
		{8031DC05-B9D4-4660-8D67-07FB98059A21}.Debug|Any CPU.ActiveCfg = Debug|Any CPU
		{8031DC05-B9D4-4660-8D67-07FB98059A21}.Debug|Any CPU.Build.0 = Debug|Any CPU
		{8031DC05-B9D4-4660-8D67-07FB98059A21}.Release|Any CPU.ActiveCfg = Release|Any CPU
		{8031DC05-B9D4-4660-8D67-07FB98059A21}.Release|Any CPU.Build.0 = Release|Any CPU
		{745BE6CD-C88B-4BEE-9CD0-ADB513092EAA}.Debug|Any CPU.ActiveCfg = Debug|Any CPU
		{745BE6CD-C88B-4BEE-9CD0-ADB513092EAA}.Debug|Any CPU.Build.0 = Debug|Any CPU
		{745BE6CD-C88B-4BEE-9CD0-ADB513092EAA}.Release|Any CPU.ActiveCfg = Release|Any CPU
		{745BE6CD-C88B-4BEE-9CD0-ADB513092EAA}.Release|Any CPU.Build.0 = Release|Any CPU
		{1EA78AED-B2DC-420C-92AD-7A00AAED2017}.Debug|Any CPU.ActiveCfg = Debug|Any CPU
		{1EA78AED-B2DC-420C-92AD-7A00AAED2017}.Debug|Any CPU.Build.0 = Debug|Any CPU
		{1EA78AED-B2DC-420C-92AD-7A00AAED2017}.Release|Any CPU.ActiveCfg = Release|Any CPU
		{1EA78AED-B2DC-420C-92AD-7A00AAED2017}.Release|Any CPU.Build.0 = Release|Any CPU
	EndGlobalSection
	GlobalSection(SolutionProperties) = preSolution
		HideSolutionNode = FALSE
	EndGlobalSection
	GlobalSection(ExtensibilityGlobals) = postSolution
		SolutionGuid = {EAF2ABED-D59D-4EDB-B6FD-F7353149C672}
	EndGlobalSection
EndGlobal
