
Microsoft Visual Studio Solution File, Format Version 12.00
# Visual Studio 15
VisualStudioVersion = 15.0.27004.2006
MinimumVisualStudioVersion = 10.0.40219.1
Project("{9A19103F-16F7-4668-BE54-9A1E7A4F7556}") = "P01_RhombusOfStars", "P01_RhombusOfStars\P01_RhombusOfStars.csproj", "{5986D043-3DFA-464E-B142-E11C2A1A9322}"
EndProject
Project("{9A19103F-16F7-4668-BE54-9A1E7A4F7556}") = "P02_PointInRectangle", "P02_PointInRectangle\P02_PointInRectangle.csproj", "{1039198A-366D-4CF9-BC01-7BE0710F10D6}"
EndProject
Project("{9A19103F-16F7-4668-BE54-9A1E7A4F7556}") = "P03_StudentSystem", "P03_StudentSystem\P03_StudentSystem.csproj", "{38864153-963B-4C3B-B2C1-E37687E4FA6B}"
EndProject
Project("{FAE04EC0-301F-11D3-BF4B-00C04F79EFBC}") = "P04_HotelReservation", "P04_HotelReservation\P04_HotelReservation.csproj", "{A0D7E03D-0DD8-4BEF-83E5-02CC5D596BD7}"
EndProject
Global
	GlobalSection(SolutionConfigurationPlatforms) = preSolution
		Debug|Any CPU = Debug|Any CPU
		Release|Any CPU = Release|Any CPU
	EndGlobalSection
	GlobalSection(ProjectConfigurationPlatforms) = postSolution
		{5986D043-3DFA-464E-B142-E11C2A1A9322}.Debug|Any CPU.ActiveCfg = Debug|Any CPU
		{5986D043-3DFA-464E-B142-E11C2A1A9322}.Debug|Any CPU.Build.0 = Debug|Any CPU
		{5986D043-3DFA-464E-B142-E11C2A1A9322}.Release|Any CPU.ActiveCfg = Release|Any CPU
		{5986D043-3DFA-464E-B142-E11C2A1A9322}.Release|Any CPU.Build.0 = Release|Any CPU
		{1039198A-366D-4CF9-BC01-7BE0710F10D6}.Debug|Any CPU.ActiveCfg = Debug|Any CPU
		{1039198A-366D-4CF9-BC01-7BE0710F10D6}.Debug|Any CPU.Build.0 = Debug|Any CPU
		{1039198A-366D-4CF9-BC01-7BE0710F10D6}.Release|Any CPU.ActiveCfg = Release|Any CPU
		{1039198A-366D-4CF9-BC01-7BE0710F10D6}.Release|Any CPU.Build.0 = Release|Any CPU
		{38864153-963B-4C3B-B2C1-E37687E4FA6B}.Debug|Any CPU.ActiveCfg = Debug|Any CPU
		{38864153-963B-4C3B-B2C1-E37687E4FA6B}.Debug|Any CPU.Build.0 = Debug|Any CPU
		{38864153-963B-4C3B-B2C1-E37687E4FA6B}.Release|Any CPU.ActiveCfg = Release|Any CPU
		{38864153-963B-4C3B-B2C1-E37687E4FA6B}.Release|Any CPU.Build.0 = Release|Any CPU
		{A0D7E03D-0DD8-4BEF-83E5-02CC5D596BD7}.Debug|Any CPU.ActiveCfg = Debug|Any CPU
		{A0D7E03D-0DD8-4BEF-83E5-02CC5D596BD7}.Debug|Any CPU.Build.0 = Debug|Any CPU
		{A0D7E03D-0DD8-4BEF-83E5-02CC5D596BD7}.Release|Any CPU.ActiveCfg = Release|Any CPU
		{A0D7E03D-0DD8-4BEF-83E5-02CC5D596BD7}.Release|Any CPU.Build.0 = Release|Any CPU
	EndGlobalSection
	GlobalSection(SolutionProperties) = preSolution
		HideSolutionNode = FALSE
	EndGlobalSection
	GlobalSection(ExtensibilityGlobals) = postSolution
		SolutionGuid = {64947269-4153-4999-9DB8-E6CD9765438F}
	EndGlobalSection
EndGlobal
