
Microsoft Visual Studio Solution File, Format Version 12.00
# Visual Studio 15
VisualStudioVersion = 15.0.27428.2037
MinimumVisualStudioVersion = 10.0.40219.1
Project("{9A19103F-16F7-4668-BE54-9A1E7A4F7556}") = "P01_KeyRevolver", "P01_KeyRevolver\P01_KeyRevolver.csproj", "{54C6CAA0-2EDA-477B-B41D-159DE5265884}"
EndProject
Project("{9A19103F-16F7-4668-BE54-9A1E7A4F7556}") = "P04_HitList", "P04_HitList\P04_HitList.csproj", "{CB77D014-3D6C-48F3-8F0C-F6C224AE552F}"
EndProject
Project("{9A19103F-16F7-4668-BE54-9A1E7A4F7556}") = "P03_CryptoBlockchain", "P03_CryptoBlockchain\P03_CryptoBlockchain.csproj", "{C1E04E0A-3F44-4872-B0F0-95F9AB981080}"
EndProject
Project("{FAE04EC0-301F-11D3-BF4B-00C04F79EFBC}") = "P02_Sneaking", "P02_Sneaking\P02_Sneaking.csproj", "{B990E219-698D-41E0-9983-BE623DD6173C}"
EndProject
Global
	GlobalSection(SolutionConfigurationPlatforms) = preSolution
		Debug|Any CPU = Debug|Any CPU
		Release|Any CPU = Release|Any CPU
	EndGlobalSection
	GlobalSection(ProjectConfigurationPlatforms) = postSolution
		{54C6CAA0-2EDA-477B-B41D-159DE5265884}.Debug|Any CPU.ActiveCfg = Debug|Any CPU
		{54C6CAA0-2EDA-477B-B41D-159DE5265884}.Debug|Any CPU.Build.0 = Debug|Any CPU
		{54C6CAA0-2EDA-477B-B41D-159DE5265884}.Release|Any CPU.ActiveCfg = Release|Any CPU
		{54C6CAA0-2EDA-477B-B41D-159DE5265884}.Release|Any CPU.Build.0 = Release|Any CPU
		{CB77D014-3D6C-48F3-8F0C-F6C224AE552F}.Debug|Any CPU.ActiveCfg = Debug|Any CPU
		{CB77D014-3D6C-48F3-8F0C-F6C224AE552F}.Debug|Any CPU.Build.0 = Debug|Any CPU
		{CB77D014-3D6C-48F3-8F0C-F6C224AE552F}.Release|Any CPU.ActiveCfg = Release|Any CPU
		{CB77D014-3D6C-48F3-8F0C-F6C224AE552F}.Release|Any CPU.Build.0 = Release|Any CPU
		{C1E04E0A-3F44-4872-B0F0-95F9AB981080}.Debug|Any CPU.ActiveCfg = Debug|Any CPU
		{C1E04E0A-3F44-4872-B0F0-95F9AB981080}.Debug|Any CPU.Build.0 = Debug|Any CPU
		{C1E04E0A-3F44-4872-B0F0-95F9AB981080}.Release|Any CPU.ActiveCfg = Release|Any CPU
		{C1E04E0A-3F44-4872-B0F0-95F9AB981080}.Release|Any CPU.Build.0 = Release|Any CPU
		{B990E219-698D-41E0-9983-BE623DD6173C}.Debug|Any CPU.ActiveCfg = Debug|Any CPU
		{B990E219-698D-41E0-9983-BE623DD6173C}.Debug|Any CPU.Build.0 = Debug|Any CPU
		{B990E219-698D-41E0-9983-BE623DD6173C}.Release|Any CPU.ActiveCfg = Release|Any CPU
		{B990E219-698D-41E0-9983-BE623DD6173C}.Release|Any CPU.Build.0 = Release|Any CPU
	EndGlobalSection
	GlobalSection(SolutionProperties) = preSolution
		HideSolutionNode = FALSE
	EndGlobalSection
	GlobalSection(ExtensibilityGlobals) = postSolution
		SolutionGuid = {EA607941-9BDD-4B09-B367-A2B1FA85A410}
	EndGlobalSection
EndGlobal
