
Microsoft Visual Studio Solution File, Format Version 12.00
# Visual Studio 15
VisualStudioVersion = 15.0.27004.2006
MinimumVisualStudioVersion = 10.0.40219.1
Project("{9A19103F-16F7-4668-BE54-9A1E7A4F7556}") = "Forum.App", "Forum.App\Forum.App.csproj", "{C6F46E02-3149-4D13-A5CE-A487534821F6}"
EndProject
Project("{FAE04EC0-301F-11D3-BF4B-00C04F79EFBC}") = "Forum.Models", "Forum.Models\Forum.Models.csproj", "{82A6698A-04A6-442C-8766-8084F8E1219A}"
EndProject
Project("{FAE04EC0-301F-11D3-BF4B-00C04F79EFBC}") = "Forum.Data", "Forum.Data\Forum.Data.csproj", "{15C88CE9-AA7E-49B5-8F04-49B7FB5199D3}"
EndProject
Global
	GlobalSection(SolutionConfigurationPlatforms) = preSolution
		Debug|Any CPU = Debug|Any CPU
		Release|Any CPU = Release|Any CPU
	EndGlobalSection
	GlobalSection(ProjectConfigurationPlatforms) = postSolution
		{C6F46E02-3149-4D13-A5CE-A487534821F6}.Debug|Any CPU.ActiveCfg = Debug|Any CPU
		{C6F46E02-3149-4D13-A5CE-A487534821F6}.Debug|Any CPU.Build.0 = Debug|Any CPU
		{C6F46E02-3149-4D13-A5CE-A487534821F6}.Release|Any CPU.ActiveCfg = Release|Any CPU
		{C6F46E02-3149-4D13-A5CE-A487534821F6}.Release|Any CPU.Build.0 = Release|Any CPU
		{82A6698A-04A6-442C-8766-8084F8E1219A}.Debug|Any CPU.ActiveCfg = Debug|Any CPU
		{82A6698A-04A6-442C-8766-8084F8E1219A}.Debug|Any CPU.Build.0 = Debug|Any CPU
		{82A6698A-04A6-442C-8766-8084F8E1219A}.Release|Any CPU.ActiveCfg = Release|Any CPU
		{82A6698A-04A6-442C-8766-8084F8E1219A}.Release|Any CPU.Build.0 = Release|Any CPU
		{15C88CE9-AA7E-49B5-8F04-49B7FB5199D3}.Debug|Any CPU.ActiveCfg = Debug|Any CPU
		{15C88CE9-AA7E-49B5-8F04-49B7FB5199D3}.Debug|Any CPU.Build.0 = Debug|Any CPU
		{15C88CE9-AA7E-49B5-8F04-49B7FB5199D3}.Release|Any CPU.ActiveCfg = Release|Any CPU
		{15C88CE9-AA7E-49B5-8F04-49B7FB5199D3}.Release|Any CPU.Build.0 = Release|Any CPU
	EndGlobalSection
	GlobalSection(SolutionProperties) = preSolution
		HideSolutionNode = FALSE
	EndGlobalSection
	GlobalSection(ExtensibilityGlobals) = postSolution
		SolutionGuid = {7485FB63-9BD6-4560-8D43-E742DB2FD214}
	EndGlobalSection
EndGlobal
