
Microsoft Visual Studio Solution File, Format Version 12.00
# Visual Studio 15
VisualStudioVersion = 15.0.27428.2037
MinimumVisualStudioVersion = 10.0.40219.1
Project("{FAE04EC0-301F-11D3-BF4B-00C04F79EFBC}") = "P01_02_Vehicles", "P01_02_Vehicles\P01_02_Vehicles.csproj", "{651DADB2-A511-4517-AF28-801C8B4D234B}"
EndProject
Global
	GlobalSection(SolutionConfigurationPlatforms) = preSolution
		Debug|Any CPU = Debug|Any CPU
		Release|Any CPU = Release|Any CPU
	EndGlobalSection
	GlobalSection(ProjectConfigurationPlatforms) = postSolution
		{651DADB2-A511-4517-AF28-801C8B4D234B}.Debug|Any CPU.ActiveCfg = Debug|Any CPU
		{651DADB2-A511-4517-AF28-801C8B4D234B}.Debug|Any CPU.Build.0 = Debug|Any CPU
		{651DADB2-A511-4517-AF28-801C8B4D234B}.Release|Any CPU.ActiveCfg = Release|Any CPU
		{651DADB2-A511-4517-AF28-801C8B4D234B}.Release|Any CPU.Build.0 = Release|Any CPU
	EndGlobalSection
	GlobalSection(SolutionProperties) = preSolution
		HideSolutionNode = FALSE
	EndGlobalSection
	GlobalSection(ExtensibilityGlobals) = postSolution
		SolutionGuid = {5FF804A1-60E5-4690-93C4-D325DF6718C8}
	EndGlobalSection
EndGlobal
