
Microsoft Visual Studio Solution File, Format Version 12.00
# Visual Studio 15
VisualStudioVersion = 15.0.27004.2006
MinimumVisualStudioVersion = 10.0.40219.1
Project("{9A19103F-16F7-4668-BE54-9A1E7A4F7556}") = "P01_ReverseStrings", "P01_ReverseStrings\P01_ReverseStrings.csproj", "{FAD3EA96-4CAB-4909-B4B8-F4562926EAE9}"
EndProject
Project("{9A19103F-16F7-4668-BE54-9A1E7A4F7556}") = "P02_SimpleCalculator", "P02_SimpleCalculator\P02_SimpleCalculator.csproj", "{4D9051A7-328F-43CE-BA71-FD66623146DE}"
EndProject
Project("{9A19103F-16F7-4668-BE54-9A1E7A4F7556}") = "P03_DecimalToBinaryConverter", "P03_DecimalToBinaryConverter\P03_DecimalToBinaryConverter.csproj", "{8B6FBE98-1F89-4A0E-ABA3-177D57A26E80}"
EndProject
Project("{9A19103F-16F7-4668-BE54-9A1E7A4F7556}") = "P04_MatchingBrackets", "P04_MatchingBrackets\P04_MatchingBrackets.csproj", "{1C0E7ABB-C0A1-4394-8F33-DD75B5FAF551}"
EndProject
Project("{9A19103F-16F7-4668-BE54-9A1E7A4F7556}") = "P05_HotPotato", "P05_HotPotato\P05_HotPotato.csproj", "{F2B7295B-2E35-4D95-A967-FA711F6A5ADB}"
EndProject
Project("{9A19103F-16F7-4668-BE54-9A1E7A4F7556}") = "P06_TrafficJam", "P06_TrafficJam\P06_TrafficJam.csproj", "{5DFA6940-08B0-4579-A961-2187A537113E}"
EndProject
Global
	GlobalSection(SolutionConfigurationPlatforms) = preSolution
		Debug|Any CPU = Debug|Any CPU
		Release|Any CPU = Release|Any CPU
	EndGlobalSection
	GlobalSection(ProjectConfigurationPlatforms) = postSolution
		{FAD3EA96-4CAB-4909-B4B8-F4562926EAE9}.Debug|Any CPU.ActiveCfg = Debug|Any CPU
		{FAD3EA96-4CAB-4909-B4B8-F4562926EAE9}.Debug|Any CPU.Build.0 = Debug|Any CPU
		{FAD3EA96-4CAB-4909-B4B8-F4562926EAE9}.Release|Any CPU.ActiveCfg = Release|Any CPU
		{FAD3EA96-4CAB-4909-B4B8-F4562926EAE9}.Release|Any CPU.Build.0 = Release|Any CPU
		{4D9051A7-328F-43CE-BA71-FD66623146DE}.Debug|Any CPU.ActiveCfg = Debug|Any CPU
		{4D9051A7-328F-43CE-BA71-FD66623146DE}.Debug|Any CPU.Build.0 = Debug|Any CPU
		{4D9051A7-328F-43CE-BA71-FD66623146DE}.Release|Any CPU.ActiveCfg = Release|Any CPU
		{4D9051A7-328F-43CE-BA71-FD66623146DE}.Release|Any CPU.Build.0 = Release|Any CPU
		{8B6FBE98-1F89-4A0E-ABA3-177D57A26E80}.Debug|Any CPU.ActiveCfg = Debug|Any CPU
		{8B6FBE98-1F89-4A0E-ABA3-177D57A26E80}.Debug|Any CPU.Build.0 = Debug|Any CPU
		{8B6FBE98-1F89-4A0E-ABA3-177D57A26E80}.Release|Any CPU.ActiveCfg = Release|Any CPU
		{8B6FBE98-1F89-4A0E-ABA3-177D57A26E80}.Release|Any CPU.Build.0 = Release|Any CPU
		{1C0E7ABB-C0A1-4394-8F33-DD75B5FAF551}.Debug|Any CPU.ActiveCfg = Debug|Any CPU
		{1C0E7ABB-C0A1-4394-8F33-DD75B5FAF551}.Debug|Any CPU.Build.0 = Debug|Any CPU
		{1C0E7ABB-C0A1-4394-8F33-DD75B5FAF551}.Release|Any CPU.ActiveCfg = Release|Any CPU
		{1C0E7ABB-C0A1-4394-8F33-DD75B5FAF551}.Release|Any CPU.Build.0 = Release|Any CPU
		{F2B7295B-2E35-4D95-A967-FA711F6A5ADB}.Debug|Any CPU.ActiveCfg = Debug|Any CPU
		{F2B7295B-2E35-4D95-A967-FA711F6A5ADB}.Debug|Any CPU.Build.0 = Debug|Any CPU
		{F2B7295B-2E35-4D95-A967-FA711F6A5ADB}.Release|Any CPU.ActiveCfg = Release|Any CPU
		{F2B7295B-2E35-4D95-A967-FA711F6A5ADB}.Release|Any CPU.Build.0 = Release|Any CPU
		{5DFA6940-08B0-4579-A961-2187A537113E}.Debug|Any CPU.ActiveCfg = Debug|Any CPU
		{5DFA6940-08B0-4579-A961-2187A537113E}.Debug|Any CPU.Build.0 = Debug|Any CPU
		{5DFA6940-08B0-4579-A961-2187A537113E}.Release|Any CPU.ActiveCfg = Release|Any CPU
		{5DFA6940-08B0-4579-A961-2187A537113E}.Release|Any CPU.Build.0 = Release|Any CPU
	EndGlobalSection
	GlobalSection(SolutionProperties) = preSolution
		HideSolutionNode = FALSE
	EndGlobalSection
	GlobalSection(ExtensibilityGlobals) = postSolution
		SolutionGuid = {BB5344B5-1B28-4493-B537-536F90B9E6EB}
	EndGlobalSection
EndGlobal
