
Microsoft Visual Studio Solution File, Format Version 12.00
# Visual Studio 15
VisualStudioVersion = 15.0.27428.2037
MinimumVisualStudioVersion = 10.0.40219.1
Project("{FAE04EC0-301F-11D3-BF4B-00C04F79EFBC}") = "StorageMaster", "StorageMaster\StorageMaster.csproj", "{515145F9-FBD4-41A5-9966-C8E2A4D6F563}"
EndProject
Global
	GlobalSection(SolutionConfigurationPlatforms) = preSolution
		Debug|Any CPU = Debug|Any CPU
		Release|Any CPU = Release|Any CPU
	EndGlobalSection
	GlobalSection(ProjectConfigurationPlatforms) = postSolution
		{515145F9-FBD4-41A5-9966-C8E2A4D6F563}.Debug|Any CPU.ActiveCfg = Debug|Any CPU
		{515145F9-FBD4-41A5-9966-C8E2A4D6F563}.Debug|Any CPU.Build.0 = Debug|Any CPU
		{515145F9-FBD4-41A5-9966-C8E2A4D6F563}.Release|Any CPU.ActiveCfg = Release|Any CPU
		{515145F9-FBD4-41A5-9966-C8E2A4D6F563}.Release|Any CPU.Build.0 = Release|Any CPU
	EndGlobalSection
	GlobalSection(SolutionProperties) = preSolution
		HideSolutionNode = FALSE
	EndGlobalSection
	GlobalSection(ExtensibilityGlobals) = postSolution
		SolutionGuid = {97CEC2C8-9492-4443-BA7B-BB1B6D08C80A}
	EndGlobalSection
EndGlobal
